
Microsoft Visual Studio Solution File, Format Version 12.00
# Visual Studio Version 17
VisualStudioVersion = 17.3.32901.215
MinimumVisualStudioVersion = 10.0.40219.1
Project("{FAE04EC0-301F-11D3-BF4B-00C04F79EFBC}") = "EmployeeManagement", "EmployeeManagement\EmployeeManagement.csproj", "{8185240B-363A-4252-B6EA-79FC5FC0600B}"
EndProject
Global
	GlobalSection(SolutionConfigurationPlatforms) = preSolution
		Debug|Any CPU = Debug|Any CPU
		Release|Any CPU = Release|Any CPU
	EndGlobalSection
	GlobalSection(ProjectConfigurationPlatforms) = postSolution
		{8185240B-363A-4252-B6EA-79FC5FC0600B}.Debug|Any CPU.ActiveCfg = Debug|Any CPU
		{8185240B-363A-4252-B6EA-79FC5FC0600B}.Debug|Any CPU.Build.0 = Debug|Any CPU
		{8185240B-363A-4252-B6EA-79FC5FC0600B}.Release|Any CPU.ActiveCfg = Release|Any CPU
		{8185240B-363A-4252-B6EA-79FC5FC0600B}.Release|Any CPU.Build.0 = Release|Any CPU
	EndGlobalSection
	GlobalSection(SolutionProperties) = preSolution
		HideSolutionNode = FALSE
	EndGlobalSection
	GlobalSection(ExtensibilityGlobals) = postSolution
		SolutionGuid = {DA9785D6-B426-4127-83FA-DAD9F9454C70}
	EndGlobalSection
EndGlobal
